// !$*UTF8*$!
{
	archiveVersion = 1;
	classes = {
	};
	objectVersion = 56;
	objects = {

/* Begin PBXBuildFile section */
		848DB4C82B7C1834005F6B6D /* ImagesListService.swift in Sources */ = {isa = PBXBuildFile; fileRef = 848DB4C72B7C1834005F6B6D /* ImagesListService.swift */; };
		848DB4CA2B7C2F9F005F6B6D /* PhotoResult.swift in Sources */ = {isa = PBXBuildFile; fileRef = 848DB4C92B7C2F9F005F6B6D /* PhotoResult.swift */; };
		848DB4CC2B82BC14005F6B6D /* Photo.swift in Sources */ = {isa = PBXBuildFile; fileRef = 848DB4CB2B82BC14005F6B6D /* Photo.swift */; };
		848DB4CF2B96CBE4005F6B6D /* WebViewViewControllerProtocol.swift in Sources */ = {isa = PBXBuildFile; fileRef = 848DB4CE2B96CBE4005F6B6D /* WebViewViewControllerProtocol.swift */; };
		848DB4D12B96CBFA005F6B6D /* WebViewPresenterProtocol.swift in Sources */ = {isa = PBXBuildFile; fileRef = 848DB4D02B96CBFA005F6B6D /* WebViewPresenterProtocol.swift */; };
		848DB4D32B96CCD1005F6B6D /* WebViewPresenter.swift in Sources */ = {isa = PBXBuildFile; fileRef = 848DB4D22B96CCD1005F6B6D /* WebViewPresenter.swift */; };
		848DB4D52B96D76A005F6B6D /* AuthHelperProtocol.swift in Sources */ = {isa = PBXBuildFile; fileRef = 848DB4D42B96D76A005F6B6D /* AuthHelperProtocol.swift */; };
		848DB4DD2B96DF65005F6B6D /* WebViewTests.swift in Sources */ = {isa = PBXBuildFile; fileRef = 848DB4DC2B96DF65005F6B6D /* WebViewTests.swift */; };
		848DB4E42B96E1EE005F6B6D /* WebViewPresenterSpy.swift in Sources */ = {isa = PBXBuildFile; fileRef = 848DB4E32B96E1EE005F6B6D /* WebViewPresenterSpy.swift */; };
		848DB4E62B96E2C1005F6B6D /* WebViewViewControllerSpy.swift in Sources */ = {isa = PBXBuildFile; fileRef = 848DB4E52B96E2C1005F6B6D /* WebViewViewControllerSpy.swift */; };
		848DB4E82B96EB07005F6B6D /* ImagesListViewPresenter.swift in Sources */ = {isa = PBXBuildFile; fileRef = 848DB4E72B96EB07005F6B6D /* ImagesListViewPresenter.swift */; };
		848DB4EA2B97B4F3005F6B6D /* ProfileViewPresenter.swift in Sources */ = {isa = PBXBuildFile; fileRef = 848DB4E92B97B4F3005F6B6D /* ProfileViewPresenter.swift */; };
		848DB4FB2B97D055005F6B6D /* ProfileViewTests.swift in Sources */ = {isa = PBXBuildFile; fileRef = 848DB4F22B97CE4A005F6B6D /* ProfileViewTests.swift */; };
		848DB5012B97D9E8005F6B6D /* ProfileViewPresenterSpy.swift in Sources */ = {isa = PBXBuildFile; fileRef = 848DB4FC2B97D1F3005F6B6D /* ProfileViewPresenterSpy.swift */; };
		848DB5032B97DA5D005F6B6D /* ProfileVeiwControllerSpy.swift in Sources */ = {isa = PBXBuildFile; fileRef = 848DB5022B97DA5D005F6B6D /* ProfileVeiwControllerSpy.swift */; };
		848DB5062B97DC4E005F6B6D /* ImagesListTests.swift in Sources */ = {isa = PBXBuildFile; fileRef = 848DB5052B97DC4E005F6B6D /* ImagesListTests.swift */; };
		848DB5082B97DDD5005F6B6D /* ImagesListPresenterSpy.swift in Sources */ = {isa = PBXBuildFile; fileRef = 848DB5072B97DDD5005F6B6D /* ImagesListPresenterSpy.swift */; };
		848DB50A2B98358B005F6B6D /* ImagesListViewControllerSpy.swift in Sources */ = {isa = PBXBuildFile; fileRef = 848DB5092B98358B005F6B6D /* ImagesListViewControllerSpy.swift */; };
		848DB5132B990C10005F6B6D /* ImageFeedUITests.swift in Sources */ = {isa = PBXBuildFile; fileRef = 848DB5122B990C10005F6B6D /* ImageFeedUITests.swift */; };
		848DB5152B990C10005F6B6D /* ImageFeedUITestsLaunchTests.swift in Sources */ = {isa = PBXBuildFile; fileRef = 848DB5142B990C10005F6B6D /* ImageFeedUITestsLaunchTests.swift */; };
		849455F02B464136004033BD /* AuthConfiguration.swift in Sources */ = {isa = PBXBuildFile; fileRef = 849455EF2B464136004033BD /* AuthConfiguration.swift */; };
		849455F32B465EBC004033BD /* AuthViewController.swift in Sources */ = {isa = PBXBuildFile; fileRef = 849455F22B465EBC004033BD /* AuthViewController.swift */; };
		849455F52B466055004033BD /* WebViewViewController.swift in Sources */ = {isa = PBXBuildFile; fileRef = 849455F42B466055004033BD /* WebViewViewController.swift */; };
		849455F92B478615004033BD /* OAuth.swift in Sources */ = {isa = PBXBuildFile; fileRef = 849455F82B478615004033BD /* OAuth.swift */; };
		849455FB2B4787CF004033BD /* OAuth2Service.swift in Sources */ = {isa = PBXBuildFile; fileRef = 849455FA2B4787CF004033BD /* OAuth2Service.swift */; };
		849455FD2B47895E004033BD /* OAuth2TokenStorage.swift in Sources */ = {isa = PBXBuildFile; fileRef = 849455FC2B47895E004033BD /* OAuth2TokenStorage.swift */; };
		849456002B50EA58004033BD /* SplashViewController.swift in Sources */ = {isa = PBXBuildFile; fileRef = 849455FF2B50EA58004033BD /* SplashViewController.swift */; };
		849456042B646054004033BD /* Network.swift in Sources */ = {isa = PBXBuildFile; fileRef = 849456032B646054004033BD /* Network.swift */; };
		849456072B646D95004033BD /* ProgressHUD in Frameworks */ = {isa = PBXBuildFile; productRef = 849456062B646D95004033BD /* ProgressHUD */; };
		849456092B675B00004033BD /* UIBlockingProgressHUD.swift in Sources */ = {isa = PBXBuildFile; fileRef = 849456082B675B00004033BD /* UIBlockingProgressHUD.swift */; };
		8494560B2B67628C004033BD /* ProfileService.swift in Sources */ = {isa = PBXBuildFile; fileRef = 8494560A2B67628C004033BD /* ProfileService.swift */; };
		8494560D2B68A784004033BD /* ProfileImageService.swift in Sources */ = {isa = PBXBuildFile; fileRef = 8494560C2B68A784004033BD /* ProfileImageService.swift */; };
		8494560F2B68A835004033BD /* ProfileImageModel.swift in Sources */ = {isa = PBXBuildFile; fileRef = 8494560E2B68A835004033BD /* ProfileImageModel.swift */; };
		849456142B6B5263004033BD /* Kingfisher in Frameworks */ = {isa = PBXBuildFile; productRef = 849456132B6B5263004033BD /* Kingfisher */; };
		849456172B6B5CD8004033BD /* SwiftKeychainWrapper in Frameworks */ = {isa = PBXBuildFile; productRef = 849456162B6B5CD8004033BD /* SwiftKeychainWrapper */; };
		849456192B6B61D0004033BD /* TabBarController.swift in Sources */ = {isa = PBXBuildFile; fileRef = 849456182B6B61D0004033BD /* TabBarController.swift */; };
		84C79DB92B36305C00874653 /* SingleImageViewController.swift in Sources */ = {isa = PBXBuildFile; fileRef = 84C79DB82B36305C00874653 /* SingleImageViewController.swift */; };
		84CB38442B1ECDD500BE29E3 /* AppDelegate.swift in Sources */ = {isa = PBXBuildFile; fileRef = 84CB38432B1ECDD500BE29E3 /* AppDelegate.swift */; };
		84CB38462B1ECDD500BE29E3 /* SceneDelegate.swift in Sources */ = {isa = PBXBuildFile; fileRef = 84CB38452B1ECDD500BE29E3 /* SceneDelegate.swift */; };
		84CB38482B1ECDD500BE29E3 /* ImagesListViewController.swift in Sources */ = {isa = PBXBuildFile; fileRef = 84CB38472B1ECDD500BE29E3 /* ImagesListViewController.swift */; };
		84CB384B2B1ECDD500BE29E3 /* Main.storyboard in Resources */ = {isa = PBXBuildFile; fileRef = 84CB38492B1ECDD500BE29E3 /* Main.storyboard */; };
		84CB384D2B1ECDD600BE29E3 /* Assets.xcassets in Resources */ = {isa = PBXBuildFile; fileRef = 84CB384C2B1ECDD600BE29E3 /* Assets.xcassets */; };
		84CB38502B1ECDD600BE29E3 /* LaunchScreen.storyboard in Resources */ = {isa = PBXBuildFile; fileRef = 84CB384E2B1ECDD600BE29E3 /* LaunchScreen.storyboard */; };
		84CB38782B28238D00BE29E3 /* ImagesListCell.swift in Sources */ = {isa = PBXBuildFile; fileRef = 84CB38772B28238D00BE29E3 /* ImagesListCell.swift */; };
		84CB38842B3126A000BE29E3 /* ProfileViewController.swift in Sources */ = {isa = PBXBuildFile; fileRef = 84CB38832B3126A000BE29E3 /* ProfileViewController.swift */; };
/* End PBXBuildFile section */

/* Begin PBXContainerItemProxy section */
		848DB4DE2B96DF65005F6B6D /* PBXContainerItemProxy */ = {
			isa = PBXContainerItemProxy;
			containerPortal = 84CB38382B1ECDD500BE29E3 /* Project object */;
			proxyType = 1;
			remoteGlobalIDString = 84CB383F2B1ECDD500BE29E3;
			remoteInfo = ImageFeed;
		};
		848DB4F42B97CE4A005F6B6D /* PBXContainerItemProxy */ = {
			isa = PBXContainerItemProxy;
			containerPortal = 84CB38382B1ECDD500BE29E3 /* Project object */;
			proxyType = 1;
			remoteGlobalIDString = 84CB383F2B1ECDD500BE29E3;
			remoteInfo = ImageFeed;
		};
		848DB5162B990C10005F6B6D /* PBXContainerItemProxy */ = {
			isa = PBXContainerItemProxy;
			containerPortal = 84CB38382B1ECDD500BE29E3 /* Project object */;
			proxyType = 1;
			remoteGlobalIDString = 84CB383F2B1ECDD500BE29E3;
			remoteInfo = ImageFeed;
		};
/* End PBXContainerItemProxy section */

/* Begin PBXFileReference section */
		848DB4C72B7C1834005F6B6D /* ImagesListService.swift */ = {isa = PBXFileReference; lastKnownFileType = sourcecode.swift; path = ImagesListService.swift; sourceTree = "<group>"; };
		848DB4C92B7C2F9F005F6B6D /* PhotoResult.swift */ = {isa = PBXFileReference; lastKnownFileType = sourcecode.swift; path = PhotoResult.swift; sourceTree = "<group>"; };
		848DB4CB2B82BC14005F6B6D /* Photo.swift */ = {isa = PBXFileReference; lastKnownFileType = sourcecode.swift; path = Photo.swift; sourceTree = "<group>"; };
		848DB4CE2B96CBE4005F6B6D /* WebViewViewControllerProtocol.swift */ = {isa = PBXFileReference; lastKnownFileType = sourcecode.swift; path = WebViewViewControllerProtocol.swift; sourceTree = "<group>"; };
		848DB4D02B96CBFA005F6B6D /* WebViewPresenterProtocol.swift */ = {isa = PBXFileReference; lastKnownFileType = sourcecode.swift; path = WebViewPresenterProtocol.swift; sourceTree = "<group>"; };
		848DB4D22B96CCD1005F6B6D /* WebViewPresenter.swift */ = {isa = PBXFileReference; lastKnownFileType = sourcecode.swift; path = WebViewPresenter.swift; sourceTree = "<group>"; };
		848DB4D42B96D76A005F6B6D /* AuthHelperProtocol.swift */ = {isa = PBXFileReference; lastKnownFileType = sourcecode.swift; path = AuthHelperProtocol.swift; sourceTree = "<group>"; };
		848DB4DA2B96DF65005F6B6D /* Image FeedTests.xctest */ = {isa = PBXFileReference; explicitFileType = wrapper.cfbundle; includeInIndex = 0; path = "Image FeedTests.xctest"; sourceTree = BUILT_PRODUCTS_DIR; };
		848DB4DC2B96DF65005F6B6D /* WebViewTests.swift */ = {isa = PBXFileReference; lastKnownFileType = sourcecode.swift; path = WebViewTests.swift; sourceTree = "<group>"; };
		848DB4E32B96E1EE005F6B6D /* WebViewPresenterSpy.swift */ = {isa = PBXFileReference; lastKnownFileType = sourcecode.swift; path = WebViewPresenterSpy.swift; sourceTree = "<group>"; };
		848DB4E52B96E2C1005F6B6D /* WebViewViewControllerSpy.swift */ = {isa = PBXFileReference; lastKnownFileType = sourcecode.swift; path = WebViewViewControllerSpy.swift; sourceTree = "<group>"; };
		848DB4E72B96EB07005F6B6D /* ImagesListViewPresenter.swift */ = {isa = PBXFileReference; lastKnownFileType = sourcecode.swift; path = ImagesListViewPresenter.swift; sourceTree = "<group>"; };
		848DB4E92B97B4F3005F6B6D /* ProfileViewPresenter.swift */ = {isa = PBXFileReference; lastKnownFileType = sourcecode.swift; path = ProfileViewPresenter.swift; sourceTree = "<group>"; };
		848DB4F02B97CE4A005F6B6D /* ProfileViewTests.xctest */ = {isa = PBXFileReference; explicitFileType = wrapper.cfbundle; includeInIndex = 0; path = ProfileViewTests.xctest; sourceTree = BUILT_PRODUCTS_DIR; };
		848DB4F22B97CE4A005F6B6D /* ProfileViewTests.swift */ = {isa = PBXFileReference; lastKnownFileType = sourcecode.swift; path = ProfileViewTests.swift; sourceTree = "<group>"; };
		848DB4FC2B97D1F3005F6B6D /* ProfileViewPresenterSpy.swift */ = {isa = PBXFileReference; lastKnownFileType = sourcecode.swift; path = ProfileViewPresenterSpy.swift; sourceTree = "<group>"; };
		848DB5022B97DA5D005F6B6D /* ProfileVeiwControllerSpy.swift */ = {isa = PBXFileReference; lastKnownFileType = sourcecode.swift; path = ProfileVeiwControllerSpy.swift; sourceTree = "<group>"; };
		848DB5052B97DC4E005F6B6D /* ImagesListTests.swift */ = {isa = PBXFileReference; lastKnownFileType = sourcecode.swift; path = ImagesListTests.swift; sourceTree = "<group>"; };
		848DB5072B97DDD5005F6B6D /* ImagesListPresenterSpy.swift */ = {isa = PBXFileReference; lastKnownFileType = sourcecode.swift; path = ImagesListPresenterSpy.swift; sourceTree = "<group>"; };
		848DB5092B98358B005F6B6D /* ImagesListViewControllerSpy.swift */ = {isa = PBXFileReference; lastKnownFileType = sourcecode.swift; path = ImagesListViewControllerSpy.swift; sourceTree = "<group>"; };
		848DB5102B990C10005F6B6D /* ImageFeedUITests.xctest */ = {isa = PBXFileReference; explicitFileType = wrapper.cfbundle; includeInIndex = 0; path = ImageFeedUITests.xctest; sourceTree = BUILT_PRODUCTS_DIR; };
		848DB5122B990C10005F6B6D /* ImageFeedUITests.swift */ = {isa = PBXFileReference; lastKnownFileType = sourcecode.swift; path = ImageFeedUITests.swift; sourceTree = "<group>"; };
		848DB5142B990C10005F6B6D /* ImageFeedUITestsLaunchTests.swift */ = {isa = PBXFileReference; lastKnownFileType = sourcecode.swift; path = ImageFeedUITestsLaunchTests.swift; sourceTree = "<group>"; };
		849455EF2B464136004033BD /* AuthConfiguration.swift */ = {isa = PBXFileReference; lastKnownFileType = sourcecode.swift; path = AuthConfiguration.swift; sourceTree = "<group>"; };
		849455F22B465EBC004033BD /* AuthViewController.swift */ = {isa = PBXFileReference; lastKnownFileType = sourcecode.swift; path = AuthViewController.swift; sourceTree = "<group>"; };
		849455F42B466055004033BD /* WebViewViewController.swift */ = {isa = PBXFileReference; lastKnownFileType = sourcecode.swift; path = WebViewViewController.swift; sourceTree = "<group>"; };
		849455F82B478615004033BD /* OAuth.swift */ = {isa = PBXFileReference; lastKnownFileType = sourcecode.swift; path = OAuth.swift; sourceTree = "<group>"; };
		849455FA2B4787CF004033BD /* OAuth2Service.swift */ = {isa = PBXFileReference; lastKnownFileType = sourcecode.swift; path = OAuth2Service.swift; sourceTree = "<group>"; };
		849455FC2B47895E004033BD /* OAuth2TokenStorage.swift */ = {isa = PBXFileReference; lastKnownFileType = sourcecode.swift; path = OAuth2TokenStorage.swift; sourceTree = "<group>"; };
		849455FF2B50EA58004033BD /* SplashViewController.swift */ = {isa = PBXFileReference; lastKnownFileType = sourcecode.swift; path = SplashViewController.swift; sourceTree = "<group>"; };
		849456032B646054004033BD /* Network.swift */ = {isa = PBXFileReference; lastKnownFileType = sourcecode.swift; path = Network.swift; sourceTree = "<group>"; };
		849456082B675B00004033BD /* UIBlockingProgressHUD.swift */ = {isa = PBXFileReference; lastKnownFileType = sourcecode.swift; path = UIBlockingProgressHUD.swift; sourceTree = "<group>"; };
		8494560A2B67628C004033BD /* ProfileService.swift */ = {isa = PBXFileReference; lastKnownFileType = sourcecode.swift; path = ProfileService.swift; sourceTree = "<group>"; };
		8494560C2B68A784004033BD /* ProfileImageService.swift */ = {isa = PBXFileReference; lastKnownFileType = sourcecode.swift; path = ProfileImageService.swift; sourceTree = "<group>"; };
		8494560E2B68A835004033BD /* ProfileImageModel.swift */ = {isa = PBXFileReference; lastKnownFileType = sourcecode.swift; path = ProfileImageModel.swift; sourceTree = "<group>"; };
		849456182B6B61D0004033BD /* TabBarController.swift */ = {isa = PBXFileReference; lastKnownFileType = sourcecode.swift; path = TabBarController.swift; sourceTree = "<group>"; };
		84C79DB82B36305C00874653 /* SingleImageViewController.swift */ = {isa = PBXFileReference; lastKnownFileType = sourcecode.swift; path = SingleImageViewController.swift; sourceTree = "<group>"; };
		84CB38402B1ECDD500BE29E3 /* ImageFeed.app */ = {isa = PBXFileReference; explicitFileType = wrapper.application; includeInIndex = 0; path = ImageFeed.app; sourceTree = BUILT_PRODUCTS_DIR; };
		84CB38432B1ECDD500BE29E3 /* AppDelegate.swift */ = {isa = PBXFileReference; lastKnownFileType = sourcecode.swift; path = AppDelegate.swift; sourceTree = "<group>"; };
		84CB38452B1ECDD500BE29E3 /* SceneDelegate.swift */ = {isa = PBXFileReference; lastKnownFileType = sourcecode.swift; path = SceneDelegate.swift; sourceTree = "<group>"; };
		84CB38472B1ECDD500BE29E3 /* ImagesListViewController.swift */ = {isa = PBXFileReference; lastKnownFileType = sourcecode.swift; path = ImagesListViewController.swift; sourceTree = "<group>"; };
		84CB384A2B1ECDD500BE29E3 /* Base */ = {isa = PBXFileReference; lastKnownFileType = file.storyboard; name = Base; path = Base.lproj/Main.storyboard; sourceTree = "<group>"; };
		84CB384C2B1ECDD600BE29E3 /* Assets.xcassets */ = {isa = PBXFileReference; lastKnownFileType = folder.assetcatalog; path = Assets.xcassets; sourceTree = "<group>"; };
		84CB384F2B1ECDD600BE29E3 /* Base */ = {isa = PBXFileReference; lastKnownFileType = file.storyboard; name = Base; path = Base.lproj/LaunchScreen.storyboard; sourceTree = "<group>"; };
		84CB38512B1ECDD600BE29E3 /* Info.plist */ = {isa = PBXFileReference; lastKnownFileType = text.plist.xml; path = Info.plist; sourceTree = "<group>"; };
		84CB38772B28238D00BE29E3 /* ImagesListCell.swift */ = {isa = PBXFileReference; lastKnownFileType = sourcecode.swift; path = ImagesListCell.swift; sourceTree = "<group>"; };
		84CB38832B3126A000BE29E3 /* ProfileViewController.swift */ = {isa = PBXFileReference; lastKnownFileType = sourcecode.swift; path = ProfileViewController.swift; sourceTree = "<group>"; };
/* End PBXFileReference section */

/* Begin PBXFrameworksBuildPhase section */
		848DB4D72B96DF65005F6B6D /* Frameworks */ = {
			isa = PBXFrameworksBuildPhase;
			buildActionMask = 2147483647;
			files = (
			);
			runOnlyForDeploymentPostprocessing = 0;
		};
		848DB4ED2B97CE4A005F6B6D /* Frameworks */ = {
			isa = PBXFrameworksBuildPhase;
			buildActionMask = 2147483647;
			files = (
			);
			runOnlyForDeploymentPostprocessing = 0;
		};
		848DB50D2B990C10005F6B6D /* Frameworks */ = {
			isa = PBXFrameworksBuildPhase;
			buildActionMask = 2147483647;
			files = (
			);
			runOnlyForDeploymentPostprocessing = 0;
		};
		84CB383D2B1ECDD500BE29E3 /* Frameworks */ = {
			isa = PBXFrameworksBuildPhase;
			buildActionMask = 2147483647;
			files = (
				849456142B6B5263004033BD /* Kingfisher in Frameworks */,
				849456072B646D95004033BD /* ProgressHUD in Frameworks */,
				849456172B6B5CD8004033BD /* SwiftKeychainWrapper in Frameworks */,
			);
			runOnlyForDeploymentPostprocessing = 0;
		};
/* End PBXFrameworksBuildPhase section */

/* Begin PBXGroup section */
		848DB4CD2B96CBBC005F6B6D /* Protocol */ = {
			isa = PBXGroup;
			children = (
				848DB4CE2B96CBE4005F6B6D /* WebViewViewControllerProtocol.swift */,
				848DB4D02B96CBFA005F6B6D /* WebViewPresenterProtocol.swift */,
			);
			path = Protocol;
			sourceTree = "<group>";
		};
		848DB4DB2B96DF65005F6B6D /* WebViewTests */ = {
			isa = PBXGroup;
			children = (
				848DB4DC2B96DF65005F6B6D /* WebViewTests.swift */,
				848DB4E32B96E1EE005F6B6D /* WebViewPresenterSpy.swift */,
				848DB4E52B96E2C1005F6B6D /* WebViewViewControllerSpy.swift */,
			);
			path = WebViewTests;
			sourceTree = "<group>";
		};
		848DB4F12B97CE4A005F6B6D /* ProfileViewTests */ = {
			isa = PBXGroup;
			children = (
				848DB4F22B97CE4A005F6B6D /* ProfileViewTests.swift */,
				848DB4FC2B97D1F3005F6B6D /* ProfileViewPresenterSpy.swift */,
				848DB5022B97DA5D005F6B6D /* ProfileVeiwControllerSpy.swift */,
			);
			path = ProfileViewTests;
			sourceTree = "<group>";
		};
		848DB5042B97DBB1005F6B6D /* ImagesListTests */ = {
			isa = PBXGroup;
			children = (
				848DB5052B97DC4E005F6B6D /* ImagesListTests.swift */,
				848DB5072B97DDD5005F6B6D /* ImagesListPresenterSpy.swift */,
				848DB5092B98358B005F6B6D /* ImagesListViewControllerSpy.swift */,
			);
			path = ImagesListTests;
			sourceTree = "<group>";
		};
		848DB5112B990C10005F6B6D /* ImageFeedUITests */ = {
			isa = PBXGroup;
			children = (
				848DB5122B990C10005F6B6D /* ImageFeedUITests.swift */,
				848DB5142B990C10005F6B6D /* ImageFeedUITestsLaunchTests.swift */,
			);
			path = ImageFeedUITests;
			sourceTree = "<group>";
		};
		849455F12B465E9F004033BD /* Auth */ = {
			isa = PBXGroup;
			children = (
				849455F22B465EBC004033BD /* AuthViewController.swift */,
				849455F42B466055004033BD /* WebViewViewController.swift */,
				848DB4D22B96CCD1005F6B6D /* WebViewPresenter.swift */,
			);
			path = Auth;
			sourceTree = "<group>";
		};
		849455F62B4785EC004033BD /* Models */ = {
			isa = PBXGroup;
			children = (
				849455F82B478615004033BD /* OAuth.swift */,
				8494560E2B68A835004033BD /* ProfileImageModel.swift */,
				848DB4C92B7C2F9F005F6B6D /* PhotoResult.swift */,
				848DB4CB2B82BC14005F6B6D /* Photo.swift */,
			);
			path = Models;
			sourceTree = "<group>";
		};
		849455F72B4785FD004033BD /* Services */ = {
			isa = PBXGroup;
			children = (
				849455FA2B4787CF004033BD /* OAuth2Service.swift */,
				849455FC2B47895E004033BD /* OAuth2TokenStorage.swift */,
				849456032B646054004033BD /* Network.swift */,
				849456082B675B00004033BD /* UIBlockingProgressHUD.swift */,
				8494560A2B67628C004033BD /* ProfileService.swift */,
				8494560C2B68A784004033BD /* ProfileImageService.swift */,
				848DB4C72B7C1834005F6B6D /* ImagesListService.swift */,
			);
			path = Services;
			sourceTree = "<group>";
		};
		849455FE2B50EA20004033BD /* SplashViewController */ = {
			isa = PBXGroup;
			children = (
				849455FF2B50EA58004033BD /* SplashViewController.swift */,
			);
			path = SplashViewController;
			sourceTree = "<group>";
		};
		84C79DBA2B36322D00874653 /* SingleImageView */ = {
			isa = PBXGroup;
			children = (
				84C79DB82B36305C00874653 /* SingleImageViewController.swift */,
			);
			path = SingleImageView;
			sourceTree = "<group>";
		};
		84CB38372B1ECDD500BE29E3 = {
			isa = PBXGroup;
			children = (
				84CB38422B1ECDD500BE29E3 /* ImageFeed */,
				848DB4DB2B96DF65005F6B6D /* WebViewTests */,
				848DB4F12B97CE4A005F6B6D /* ProfileViewTests */,
				848DB5042B97DBB1005F6B6D /* ImagesListTests */,
				848DB5112B990C10005F6B6D /* ImageFeedUITests */,
				84CB38412B1ECDD500BE29E3 /* Products */,
			);
			sourceTree = "<group>";
		};
		84CB38412B1ECDD500BE29E3 /* Products */ = {
			isa = PBXGroup;
			children = (
				84CB38402B1ECDD500BE29E3 /* ImageFeed.app */,
				848DB4DA2B96DF65005F6B6D /* Image FeedTests.xctest */,
				848DB4F02B97CE4A005F6B6D /* ProfileViewTests.xctest */,
				848DB5102B990C10005F6B6D /* ImageFeedUITests.xctest */,
			);
			name = Products;
			sourceTree = "<group>";
		};
		84CB38422B1ECDD500BE29E3 /* ImageFeed */ = {
			isa = PBXGroup;
			children = (
				848DB4CD2B96CBBC005F6B6D /* Protocol */,
				849455F72B4785FD004033BD /* Services */,
				849455F62B4785EC004033BD /* Models */,
				84CB38432B1ECDD500BE29E3 /* AppDelegate.swift */,
				84CB38452B1ECDD500BE29E3 /* SceneDelegate.swift */,
				849455EF2B464136004033BD /* AuthConfiguration.swift */,
				849455F12B465E9F004033BD /* Auth */,
				84CB38802B31266700BE29E3 /* Profile */,
				84CB38792B2823E700BE29E3 /* ImagesList */,
				84C79DBA2B36322D00874653 /* SingleImageView */,
				849455FE2B50EA20004033BD /* SplashViewController */,
				84CB38492B1ECDD500BE29E3 /* Main.storyboard */,
				84CB384C2B1ECDD600BE29E3 /* Assets.xcassets */,
				84CB384E2B1ECDD600BE29E3 /* LaunchScreen.storyboard */,
				84CB38512B1ECDD600BE29E3 /* Info.plist */,
				849456182B6B61D0004033BD /* TabBarController.swift */,
				848DB4D42B96D76A005F6B6D /* AuthHelperProtocol.swift */,
			);
			path = ImageFeed;
			sourceTree = "<group>";
		};
		84CB38792B2823E700BE29E3 /* ImagesList */ = {
			isa = PBXGroup;
			children = (
				84CB38772B28238D00BE29E3 /* ImagesListCell.swift */,
				84CB38472B1ECDD500BE29E3 /* ImagesListViewController.swift */,
				848DB4E72B96EB07005F6B6D /* ImagesListViewPresenter.swift */,
			);
			path = ImagesList;
			sourceTree = "<group>";
		};
		84CB38802B31266700BE29E3 /* Profile */ = {
			isa = PBXGroup;
			children = (
				84CB38832B3126A000BE29E3 /* ProfileViewController.swift */,
				848DB4E92B97B4F3005F6B6D /* ProfileViewPresenter.swift */,
			);
			path = Profile;
			sourceTree = "<group>";
		};
/* End PBXGroup section */

/* Begin PBXNativeTarget section */
		848DB4D92B96DF65005F6B6D /* Image FeedTests */ = {
			isa = PBXNativeTarget;
			buildConfigurationList = 848DB4E02B96DF65005F6B6D /* Build configuration list for PBXNativeTarget "Image FeedTests" */;
			buildPhases = (
				848DB4D62B96DF65005F6B6D /* Sources */,
				848DB4D72B96DF65005F6B6D /* Frameworks */,
				848DB4D82B96DF65005F6B6D /* Resources */,
			);
			buildRules = (
			);
			dependencies = (
				848DB4DF2B96DF65005F6B6D /* PBXTargetDependency */,
			);
			name = "Image FeedTests";
			productName = "Image FeedTests";
			productReference = 848DB4DA2B96DF65005F6B6D /* Image FeedTests.xctest */;
			productType = "com.apple.product-type.bundle.unit-test";
		};
		848DB4EF2B97CE4A005F6B6D /* ProfileViewTests */ = {
			isa = PBXNativeTarget;
			buildConfigurationList = 848DB4F62B97CE4A005F6B6D /* Build configuration list for PBXNativeTarget "ProfileViewTests" */;
			buildPhases = (
				848DB4EC2B97CE4A005F6B6D /* Sources */,
				848DB4ED2B97CE4A005F6B6D /* Frameworks */,
				848DB4EE2B97CE4A005F6B6D /* Resources */,
			);
			buildRules = (
			);
			dependencies = (
				848DB4F52B97CE4A005F6B6D /* PBXTargetDependency */,
			);
			name = ProfileViewTests;
			productName = ProfileViewTests;
			productReference = 848DB4F02B97CE4A005F6B6D /* ProfileViewTests.xctest */;
			productType = "com.apple.product-type.bundle.unit-test";
		};
		848DB50F2B990C10005F6B6D /* ImageFeedUITests */ = {
			isa = PBXNativeTarget;
			buildConfigurationList = 848DB5182B990C10005F6B6D /* Build configuration list for PBXNativeTarget "ImageFeedUITests" */;
			buildPhases = (
				848DB50C2B990C10005F6B6D /* Sources */,
				848DB50D2B990C10005F6B6D /* Frameworks */,
				848DB50E2B990C10005F6B6D /* Resources */,
			);
			buildRules = (
			);
			dependencies = (
				848DB5172B990C10005F6B6D /* PBXTargetDependency */,
			);
			name = ImageFeedUITests;
			productName = ImageFeedUITests;
			productReference = 848DB5102B990C10005F6B6D /* ImageFeedUITests.xctest */;
			productType = "com.apple.product-type.bundle.ui-testing";
		};
		84CB383F2B1ECDD500BE29E3 /* ImageFeed */ = {
			isa = PBXNativeTarget;
			buildConfigurationList = 84CB38542B1ECDD600BE29E3 /* Build configuration list for PBXNativeTarget "ImageFeed" */;
			buildPhases = (
				84CB383C2B1ECDD500BE29E3 /* Sources */,
				84CB383D2B1ECDD500BE29E3 /* Frameworks */,
				84CB383E2B1ECDD500BE29E3 /* Resources */,
			);
			buildRules = (
			);
			dependencies = (
			);
			name = ImageFeed;
			packageProductDependencies = (
				849456062B646D95004033BD /* ProgressHUD */,
				849456132B6B5263004033BD /* Kingfisher */,
				849456162B6B5CD8004033BD /* SwiftKeychainWrapper */,
			);
			productName = setupProject;
			productReference = 84CB38402B1ECDD500BE29E3 /* ImageFeed.app */;
			productType = "com.apple.product-type.application";
		};
/* End PBXNativeTarget section */

/* Begin PBXProject section */
		84CB38382B1ECDD500BE29E3 /* Project object */ = {
			isa = PBXProject;
			attributes = {
				BuildIndependentTargetsInParallel = 1;
				LastSwiftUpdateCheck = 1420;
				LastUpgradeCheck = 1420;
				TargetAttributes = {
					848DB4D92B96DF65005F6B6D = {
						CreatedOnToolsVersion = 14.2;
						TestTargetID = 84CB383F2B1ECDD500BE29E3;
					};
					848DB4EF2B97CE4A005F6B6D = {
						CreatedOnToolsVersion = 14.2;
						TestTargetID = 84CB383F2B1ECDD500BE29E3;
					};
					848DB50F2B990C10005F6B6D = {
						CreatedOnToolsVersion = 14.2;
						TestTargetID = 84CB383F2B1ECDD500BE29E3;
					};
					84CB383F2B1ECDD500BE29E3 = {
						CreatedOnToolsVersion = 14.2;
					};
				};
			};
			buildConfigurationList = 84CB383B2B1ECDD500BE29E3 /* Build configuration list for PBXProject "ImageFeed" */;
			compatibilityVersion = "Xcode 14.0";
			developmentRegion = en;
			hasScannedForEncodings = 0;
			knownRegions = (
				en,
				Base,
			);
			mainGroup = 84CB38372B1ECDD500BE29E3;
			packageReferences = (
				849456052B646D95004033BD /* XCRemoteSwiftPackageReference "ProgressHUD" */,
				849456122B6B5263004033BD /* XCRemoteSwiftPackageReference "Kingfisher" */,
				849456152B6B5CD8004033BD /* XCRemoteSwiftPackageReference "SwiftKeychainWrapper" */,
			);
			productRefGroup = 84CB38412B1ECDD500BE29E3 /* Products */;
			projectDirPath = "";
			projectRoot = "";
			targets = (
				84CB383F2B1ECDD500BE29E3 /* ImageFeed */,
				848DB4D92B96DF65005F6B6D /* Image FeedTests */,
				848DB4EF2B97CE4A005F6B6D /* ProfileViewTests */,
				848DB50F2B990C10005F6B6D /* ImageFeedUITests */,
			);
		};
/* End PBXProject section */

/* Begin PBXResourcesBuildPhase section */
		848DB4D82B96DF65005F6B6D /* Resources */ = {
			isa = PBXResourcesBuildPhase;
			buildActionMask = 2147483647;
			files = (
			);
			runOnlyForDeploymentPostprocessing = 0;
		};
		848DB4EE2B97CE4A005F6B6D /* Resources */ = {
			isa = PBXResourcesBuildPhase;
			buildActionMask = 2147483647;
			files = (
			);
			runOnlyForDeploymentPostprocessing = 0;
		};
		848DB50E2B990C10005F6B6D /* Resources */ = {
			isa = PBXResourcesBuildPhase;
			buildActionMask = 2147483647;
			files = (
			);
			runOnlyForDeploymentPostprocessing = 0;
		};
		84CB383E2B1ECDD500BE29E3 /* Resources */ = {
			isa = PBXResourcesBuildPhase;
			buildActionMask = 2147483647;
			files = (
				84CB38502B1ECDD600BE29E3 /* LaunchScreen.storyboard in Resources */,
				84CB384D2B1ECDD600BE29E3 /* Assets.xcassets in Resources */,
				84CB384B2B1ECDD500BE29E3 /* Main.storyboard in Resources */,
			);
			runOnlyForDeploymentPostprocessing = 0;
		};
/* End PBXResourcesBuildPhase section */

/* Begin PBXSourcesBuildPhase section */
		848DB4D62B96DF65005F6B6D /* Sources */ = {
			isa = PBXSourcesBuildPhase;
			buildActionMask = 2147483647;
			files = (
				848DB50A2B98358B005F6B6D /* ImagesListViewControllerSpy.swift in Sources */,
				848DB4FB2B97D055005F6B6D /* ProfileViewTests.swift in Sources */,
				848DB4DD2B96DF65005F6B6D /* WebViewTests.swift in Sources */,
				848DB5032B97DA5D005F6B6D /* ProfileVeiwControllerSpy.swift in Sources */,
				848DB5012B97D9E8005F6B6D /* ProfileViewPresenterSpy.swift in Sources */,
				848DB5062B97DC4E005F6B6D /* ImagesListTests.swift in Sources */,
				848DB5082B97DDD5005F6B6D /* ImagesListPresenterSpy.swift in Sources */,
				848DB4E62B96E2C1005F6B6D /* WebViewViewControllerSpy.swift in Sources */,
				848DB4E42B96E1EE005F6B6D /* WebViewPresenterSpy.swift in Sources */,
			);
			runOnlyForDeploymentPostprocessing = 0;
		};
		848DB4EC2B97CE4A005F6B6D /* Sources */ = {
			isa = PBXSourcesBuildPhase;
			buildActionMask = 2147483647;
			files = (
			);
			runOnlyForDeploymentPostprocessing = 0;
		};
		848DB50C2B990C10005F6B6D /* Sources */ = {
			isa = PBXSourcesBuildPhase;
			buildActionMask = 2147483647;
			files = (
				848DB5152B990C10005F6B6D /* ImageFeedUITestsLaunchTests.swift in Sources */,
				848DB5132B990C10005F6B6D /* ImageFeedUITests.swift in Sources */,
			);
			runOnlyForDeploymentPostprocessing = 0;
		};
		84CB383C2B1ECDD500BE29E3 /* Sources */ = {
			isa = PBXSourcesBuildPhase;
			buildActionMask = 2147483647;
			files = (
				849455FD2B47895E004033BD /* OAuth2TokenStorage.swift in Sources */,
				8494560B2B67628C004033BD /* ProfileService.swift in Sources */,
				84CB38482B1ECDD500BE29E3 /* ImagesListViewController.swift in Sources */,
				848DB4CF2B96CBE4005F6B6D /* WebViewViewControllerProtocol.swift in Sources */,
				84CB38782B28238D00BE29E3 /* ImagesListCell.swift in Sources */,
				84CB38842B3126A000BE29E3 /* ProfileViewController.swift in Sources */,
				848DB4C82B7C1834005F6B6D /* ImagesListService.swift in Sources */,
				84CB38442B1ECDD500BE29E3 /* AppDelegate.swift in Sources */,
				8494560F2B68A835004033BD /* ProfileImageModel.swift in Sources */,
				8494560D2B68A784004033BD /* ProfileImageService.swift in Sources */,
				848DB4CA2B7C2F9F005F6B6D /* PhotoResult.swift in Sources */,
				849455FB2B4787CF004033BD /* OAuth2Service.swift in Sources */,
				848DB4D12B96CBFA005F6B6D /* WebViewPresenterProtocol.swift in Sources */,
				849456002B50EA58004033BD /* SplashViewController.swift in Sources */,
				849456192B6B61D0004033BD /* TabBarController.swift in Sources */,
				849455F32B465EBC004033BD /* AuthViewController.swift in Sources */,
				849456092B675B00004033BD /* UIBlockingProgressHUD.swift in Sources */,
				848DB4EA2B97B4F3005F6B6D /* ProfileViewPresenter.swift in Sources */,
				849455F02B464136004033BD /* AuthConfiguration.swift in Sources */,
				84C79DB92B36305C00874653 /* SingleImageViewController.swift in Sources */,
				849455F52B466055004033BD /* WebViewViewController.swift in Sources */,
				848DB4D32B96CCD1005F6B6D /* WebViewPresenter.swift in Sources */,
				848DB4CC2B82BC14005F6B6D /* Photo.swift in Sources */,
				84CB38462B1ECDD500BE29E3 /* SceneDelegate.swift in Sources */,
				849456042B646054004033BD /* Network.swift in Sources */,
				848DB4E82B96EB07005F6B6D /* ImagesListViewPresenter.swift in Sources */,
				849455F92B478615004033BD /* OAuth.swift in Sources */,
				848DB4D52B96D76A005F6B6D /* AuthHelperProtocol.swift in Sources */,
			);
			runOnlyForDeploymentPostprocessing = 0;
		};
/* End PBXSourcesBuildPhase section */

/* Begin PBXTargetDependency section */
		848DB4DF2B96DF65005F6B6D /* PBXTargetDependency */ = {
			isa = PBXTargetDependency;
			target = 84CB383F2B1ECDD500BE29E3 /* ImageFeed */;
			targetProxy = 848DB4DE2B96DF65005F6B6D /* PBXContainerItemProxy */;
		};
		848DB4F52B97CE4A005F6B6D /* PBXTargetDependency */ = {
			isa = PBXTargetDependency;
			target = 84CB383F2B1ECDD500BE29E3 /* ImageFeed */;
			targetProxy = 848DB4F42B97CE4A005F6B6D /* PBXContainerItemProxy */;
		};
		848DB5172B990C10005F6B6D /* PBXTargetDependency */ = {
			isa = PBXTargetDependency;
			target = 84CB383F2B1ECDD500BE29E3 /* ImageFeed */;
			targetProxy = 848DB5162B990C10005F6B6D /* PBXContainerItemProxy */;
		};
/* End PBXTargetDependency section */

/* Begin PBXVariantGroup section */
		84CB38492B1ECDD500BE29E3 /* Main.storyboard */ = {
			isa = PBXVariantGroup;
			children = (
				84CB384A2B1ECDD500BE29E3 /* Base */,
			);
			name = Main.storyboard;
			sourceTree = "<group>";
		};
		84CB384E2B1ECDD600BE29E3 /* LaunchScreen.storyboard */ = {
			isa = PBXVariantGroup;
			children = (
				84CB384F2B1ECDD600BE29E3 /* Base */,
			);
			name = LaunchScreen.storyboard;
			sourceTree = "<group>";
		};
/* End PBXVariantGroup section */

/* Begin XCBuildConfiguration section */
		848DB4E12B96DF65005F6B6D /* Debug */ = {
			isa = XCBuildConfiguration;
			buildSettings = {
				BUNDLE_LOADER = "$(TEST_HOST)";
				CODE_SIGN_STYLE = Automatic;
				CURRENT_PROJECT_VERSION = 1;
				DEVELOPMENT_TEAM = AA3K6QV9LQ;
				GENERATE_INFOPLIST_FILE = YES;
				MARKETING_VERSION = 1.0;
				PRODUCT_BUNDLE_IDENTIFIER = "ru.a2ne2ta.Image-FeedTests";
				PRODUCT_NAME = "$(TARGET_NAME)";
				SWIFT_EMIT_LOC_STRINGS = NO;
				SWIFT_VERSION = 5.0;
				TARGETED_DEVICE_FAMILY = "1,2";
				TEST_HOST = "$(BUILT_PRODUCTS_DIR)/ImageFeed.app/$(BUNDLE_EXECUTABLE_FOLDER_PATH)/ImageFeed";
			};
			name = Debug;
		};
		848DB4E22B96DF65005F6B6D /* Release */ = {
			isa = XCBuildConfiguration;
			buildSettings = {
				BUNDLE_LOADER = "$(TEST_HOST)";
				CODE_SIGN_STYLE = Automatic;
				CURRENT_PROJECT_VERSION = 1;
				DEVELOPMENT_TEAM = AA3K6QV9LQ;
				GENERATE_INFOPLIST_FILE = YES;
				MARKETING_VERSION = 1.0;
				PRODUCT_BUNDLE_IDENTIFIER = "ru.a2ne2ta.Image-FeedTests";
				PRODUCT_NAME = "$(TARGET_NAME)";
				SWIFT_EMIT_LOC_STRINGS = NO;
				SWIFT_VERSION = 5.0;
				TARGETED_DEVICE_FAMILY = "1,2";
				TEST_HOST = "$(BUILT_PRODUCTS_DIR)/ImageFeed.app/$(BUNDLE_EXECUTABLE_FOLDER_PATH)/ImageFeed";
			};
			name = Release;
		};
		848DB4F72B97CE4A005F6B6D /* Debug */ = {
			isa = XCBuildConfiguration;
			buildSettings = {
				BUNDLE_LOADER = "$(TEST_HOST)";
				CODE_SIGN_STYLE = Automatic;
				CURRENT_PROJECT_VERSION = 1;
				DEVELOPMENT_TEAM = AA3K6QV9LQ;
				GENERATE_INFOPLIST_FILE = YES;
				MARKETING_VERSION = 1.0;
				PRODUCT_BUNDLE_IDENTIFIER = ru.a2ne2ta.ProfileViewTests;
				PRODUCT_NAME = "$(TARGET_NAME)";
				SWIFT_EMIT_LOC_STRINGS = NO;
				SWIFT_VERSION = 5.0;
				TARGETED_DEVICE_FAMILY = "1,2";
				TEST_HOST = "$(BUILT_PRODUCTS_DIR)/ImageFeed.app/$(BUNDLE_EXECUTABLE_FOLDER_PATH)/ImageFeed";
			};
			name = Debug;
		};
		848DB4F82B97CE4A005F6B6D /* Release */ = {
			isa = XCBuildConfiguration;
			buildSettings = {
				BUNDLE_LOADER = "$(TEST_HOST)";
				CODE_SIGN_STYLE = Automatic;
				CURRENT_PROJECT_VERSION = 1;
				DEVELOPMENT_TEAM = AA3K6QV9LQ;
				GENERATE_INFOPLIST_FILE = YES;
				MARKETING_VERSION = 1.0;
				PRODUCT_BUNDLE_IDENTIFIER = ru.a2ne2ta.ProfileViewTests;
				PRODUCT_NAME = "$(TARGET_NAME)";
				SWIFT_EMIT_LOC_STRINGS = NO;
				SWIFT_VERSION = 5.0;
				TARGETED_DEVICE_FAMILY = "1,2";
				TEST_HOST = "$(BUILT_PRODUCTS_DIR)/ImageFeed.app/$(BUNDLE_EXECUTABLE_FOLDER_PATH)/ImageFeed";
			};
			name = Release;
		};
		848DB5192B990C10005F6B6D /* Debug */ = {
			isa = XCBuildConfiguration;
			buildSettings = {
				CODE_SIGN_STYLE = Automatic;
				CURRENT_PROJECT_VERSION = 1;
				DEVELOPMENT_TEAM = AA3K6QV9LQ;
				GENERATE_INFOPLIST_FILE = YES;
				MARKETING_VERSION = 1.0;
				PRODUCT_BUNDLE_IDENTIFIER = ru.a2ne2ta.ImageFeedUITests;
				PRODUCT_NAME = "$(TARGET_NAME)";
				SWIFT_EMIT_LOC_STRINGS = NO;
				SWIFT_VERSION = 5.0;
				TARGETED_DEVICE_FAMILY = "1,2";
				TEST_TARGET_NAME = ImageFeed;
			};
			name = Debug;
		};
		848DB51A2B990C10005F6B6D /* Release */ = {
			isa = XCBuildConfiguration;
			buildSettings = {
				CODE_SIGN_STYLE = Automatic;
				CURRENT_PROJECT_VERSION = 1;
				DEVELOPMENT_TEAM = AA3K6QV9LQ;
				GENERATE_INFOPLIST_FILE = YES;
				MARKETING_VERSION = 1.0;
				PRODUCT_BUNDLE_IDENTIFIER = ru.a2ne2ta.ImageFeedUITests;
				PRODUCT_NAME = "$(TARGET_NAME)";
				SWIFT_EMIT_LOC_STRINGS = NO;
				SWIFT_VERSION = 5.0;
				TARGETED_DEVICE_FAMILY = "1,2";
				TEST_TARGET_NAME = ImageFeed;
			};
			name = Release;
		};
		84CB38522B1ECDD600BE29E3 /* Debug */ = {
			isa = XCBuildConfiguration;
			buildSettings = {
				ALWAYS_SEARCH_USER_PATHS = NO;
				CLANG_ANALYZER_NONNULL = YES;
				CLANG_ANALYZER_NUMBER_OBJECT_CONVERSION = YES_AGGRESSIVE;
				CLANG_CXX_LANGUAGE_STANDARD = "gnu++20";
				CLANG_ENABLE_MODULES = YES;
				CLANG_ENABLE_OBJC_ARC = YES;
				CLANG_ENABLE_OBJC_WEAK = YES;
				CLANG_WARN_BLOCK_CAPTURE_AUTORELEASING = YES;
				CLANG_WARN_BOOL_CONVERSION = YES;
				CLANG_WARN_COMMA = YES;
				CLANG_WARN_CONSTANT_CONVERSION = YES;
				CLANG_WARN_DEPRECATED_OBJC_IMPLEMENTATIONS = YES;
				CLANG_WARN_DIRECT_OBJC_ISA_USAGE = YES_ERROR;
				CLANG_WARN_DOCUMENTATION_COMMENTS = YES;
				CLANG_WARN_EMPTY_BODY = YES;
				CLANG_WARN_ENUM_CONVERSION = YES;
				CLANG_WARN_INFINITE_RECURSION = YES;
				CLANG_WARN_INT_CONVERSION = YES;
				CLANG_WARN_NON_LITERAL_NULL_CONVERSION = YES;
				CLANG_WARN_OBJC_IMPLICIT_RETAIN_SELF = YES;
				CLANG_WARN_OBJC_LITERAL_CONVERSION = YES;
				CLANG_WARN_OBJC_ROOT_CLASS = YES_ERROR;
				CLANG_WARN_QUOTED_INCLUDE_IN_FRAMEWORK_HEADER = YES;
				CLANG_WARN_RANGE_LOOP_ANALYSIS = YES;
				CLANG_WARN_STRICT_PROTOTYPES = YES;
				CLANG_WARN_SUSPICIOUS_MOVE = YES;
				CLANG_WARN_UNGUARDED_AVAILABILITY = YES_AGGRESSIVE;
				CLANG_WARN_UNREACHABLE_CODE = YES;
				CLANG_WARN__DUPLICATE_METHOD_MATCH = YES;
				COPY_PHASE_STRIP = NO;
				DEBUG_INFORMATION_FORMAT = dwarf;
				ENABLE_STRICT_OBJC_MSGSEND = YES;
				ENABLE_TESTABILITY = YES;
				GCC_C_LANGUAGE_STANDARD = gnu11;
				GCC_DYNAMIC_NO_PIC = NO;
				GCC_NO_COMMON_BLOCKS = YES;
				GCC_OPTIMIZATION_LEVEL = 0;
				GCC_PREPROCESSOR_DEFINITIONS = (
					"DEBUG=1",
					"$(inherited)",
				);
				GCC_WARN_64_TO_32_BIT_CONVERSION = YES;
				GCC_WARN_ABOUT_RETURN_TYPE = YES_ERROR;
				GCC_WARN_UNDECLARED_SELECTOR = YES;
				GCC_WARN_UNINITIALIZED_AUTOS = YES_AGGRESSIVE;
				GCC_WARN_UNUSED_FUNCTION = YES;
				GCC_WARN_UNUSED_VARIABLE = YES;
				IPHONEOS_DEPLOYMENT_TARGET = 16.2;
				MTL_ENABLE_DEBUG_INFO = INCLUDE_SOURCE;
				MTL_FAST_MATH = YES;
				ONLY_ACTIVE_ARCH = YES;
				SDKROOT = iphoneos;
				SWIFT_ACTIVE_COMPILATION_CONDITIONS = DEBUG;
				SWIFT_OPTIMIZATION_LEVEL = "-Onone";
			};
			name = Debug;
		};
		84CB38532B1ECDD600BE29E3 /* Release */ = {
			isa = XCBuildConfiguration;
			buildSettings = {
				ALWAYS_SEARCH_USER_PATHS = NO;
				CLANG_ANALYZER_NONNULL = YES;
				CLANG_ANALYZER_NUMBER_OBJECT_CONVERSION = YES_AGGRESSIVE;
				CLANG_CXX_LANGUAGE_STANDARD = "gnu++20";
				CLANG_ENABLE_MODULES = YES;
				CLANG_ENABLE_OBJC_ARC = YES;
				CLANG_ENABLE_OBJC_WEAK = YES;
				CLANG_WARN_BLOCK_CAPTURE_AUTORELEASING = YES;
				CLANG_WARN_BOOL_CONVERSION = YES;
				CLANG_WARN_COMMA = YES;
				CLANG_WARN_CONSTANT_CONVERSION = YES;
				CLANG_WARN_DEPRECATED_OBJC_IMPLEMENTATIONS = YES;
				CLANG_WARN_DIRECT_OBJC_ISA_USAGE = YES_ERROR;
				CLANG_WARN_DOCUMENTATION_COMMENTS = YES;
				CLANG_WARN_EMPTY_BODY = YES;
				CLANG_WARN_ENUM_CONVERSION = YES;
				CLANG_WARN_INFINITE_RECURSION = YES;
				CLANG_WARN_INT_CONVERSION = YES;
				CLANG_WARN_NON_LITERAL_NULL_CONVERSION = YES;
				CLANG_WARN_OBJC_IMPLICIT_RETAIN_SELF = YES;
				CLANG_WARN_OBJC_LITERAL_CONVERSION = YES;
				CLANG_WARN_OBJC_ROOT_CLASS = YES_ERROR;
				CLANG_WARN_QUOTED_INCLUDE_IN_FRAMEWORK_HEADER = YES;
				CLANG_WARN_RANGE_LOOP_ANALYSIS = YES;
				CLANG_WARN_STRICT_PROTOTYPES = YES;
				CLANG_WARN_SUSPICIOUS_MOVE = YES;
				CLANG_WARN_UNGUARDED_AVAILABILITY = YES_AGGRESSIVE;
				CLANG_WARN_UNREACHABLE_CODE = YES;
				CLANG_WARN__DUPLICATE_METHOD_MATCH = YES;
				COPY_PHASE_STRIP = NO;
				DEBUG_INFORMATION_FORMAT = "dwarf-with-dsym";
				ENABLE_NS_ASSERTIONS = NO;
				ENABLE_STRICT_OBJC_MSGSEND = YES;
				GCC_C_LANGUAGE_STANDARD = gnu11;
				GCC_NO_COMMON_BLOCKS = YES;
				GCC_WARN_64_TO_32_BIT_CONVERSION = YES;
				GCC_WARN_ABOUT_RETURN_TYPE = YES_ERROR;
				GCC_WARN_UNDECLARED_SELECTOR = YES;
				GCC_WARN_UNINITIALIZED_AUTOS = YES_AGGRESSIVE;
				GCC_WARN_UNUSED_FUNCTION = YES;
				GCC_WARN_UNUSED_VARIABLE = YES;
				IPHONEOS_DEPLOYMENT_TARGET = 16.2;
				MTL_ENABLE_DEBUG_INFO = NO;
				MTL_FAST_MATH = YES;
				SDKROOT = iphoneos;
				SWIFT_COMPILATION_MODE = wholemodule;
				SWIFT_OPTIMIZATION_LEVEL = "-O";
				VALIDATE_PRODUCT = YES;
			};
			name = Release;
		};
		84CB38552B1ECDD600BE29E3 /* Debug */ = {
			isa = XCBuildConfiguration;
			buildSettings = {
				ASSETCATALOG_COMPILER_APPICON_NAME = AppIcon;
				ASSETCATALOG_COMPILER_GLOBAL_ACCENT_COLOR_NAME = AccentColor;
				CODE_SIGN_STYLE = Automatic;
				CURRENT_PROJECT_VERSION = 1;
				DEVELOPMENT_TEAM = AA3K6QV9LQ;
				GENERATE_INFOPLIST_FILE = YES;
				INFOPLIST_FILE = ImageFeed/Info.plist;
				INFOPLIST_KEY_UIApplicationSupportsIndirectInputEvents = YES;
				INFOPLIST_KEY_UILaunchStoryboardName = LaunchScreen;
				INFOPLIST_KEY_UIMainStoryboardFile = Main;
				INFOPLIST_KEY_UISupportedInterfaceOrientations = UIInterfaceOrientationPortrait;
				IPHONEOS_DEPLOYMENT_TARGET = 13.0;
				LD_RUNPATH_SEARCH_PATHS = (
					"$(inherited)",
					"@executable_path/Frameworks",
				);
				MARKETING_VERSION = 1.0;
				PRODUCT_BUNDLE_IDENTIFIER = ru.a2ne2ta.imageFeed;
				PRODUCT_NAME = "$(TARGET_NAME)";
				SUPPORTED_PLATFORMS = "iphoneos iphonesimulator";
				SUPPORTS_MACCATALYST = NO;
				SUPPORTS_MAC_DESIGNED_FOR_IPHONE_IPAD = YES;
				SWIFT_EMIT_LOC_STRINGS = YES;
				SWIFT_VERSION = 5.0;
				TARGETED_DEVICE_FAMILY = 1;
			};
			name = Debug;
		};
		84CB38562B1ECDD600BE29E3 /* Release */ = {
			isa = XCBuildConfiguration;
			buildSettings = {
				ASSETCATALOG_COMPILER_APPICON_NAME = AppIcon;
				ASSETCATALOG_COMPILER_GLOBAL_ACCENT_COLOR_NAME = AccentColor;
				CODE_SIGN_STYLE = Automatic;
				CURRENT_PROJECT_VERSION = 1;
				DEVELOPMENT_TEAM = AA3K6QV9LQ;
				GENERATE_INFOPLIST_FILE = YES;
				INFOPLIST_FILE = ImageFeed/Info.plist;
				INFOPLIST_KEY_UIApplicationSupportsIndirectInputEvents = YES;
				INFOPLIST_KEY_UILaunchStoryboardName = LaunchScreen;
				INFOPLIST_KEY_UIMainStoryboardFile = Main;
				INFOPLIST_KEY_UISupportedInterfaceOrientations = UIInterfaceOrientationPortrait;
				IPHONEOS_DEPLOYMENT_TARGET = 13.0;
				LD_RUNPATH_SEARCH_PATHS = (
					"$(inherited)",
					"@executable_path/Frameworks",
				);
				MARKETING_VERSION = 1.0;
				PRODUCT_BUNDLE_IDENTIFIER = ru.a2ne2ta.imageFeed;
				PRODUCT_NAME = "$(TARGET_NAME)";
				SUPPORTED_PLATFORMS = "iphoneos iphonesimulator";
				SUPPORTS_MACCATALYST = NO;
				SUPPORTS_MAC_DESIGNED_FOR_IPHONE_IPAD = YES;
				SWIFT_EMIT_LOC_STRINGS = YES;
				SWIFT_VERSION = 5.0;
				TARGETED_DEVICE_FAMILY = 1;
			};
			name = Release;
		};
/* End XCBuildConfiguration section */

/* Begin XCConfigurationList section */
		848DB4E02B96DF65005F6B6D /* Build configuration list for PBXNativeTarget "Image FeedTests" */ = {
			isa = XCConfigurationList;
			buildConfigurations = (
				848DB4E12B96DF65005F6B6D /* Debug */,
				848DB4E22B96DF65005F6B6D /* Release */,
			);
			defaultConfigurationIsVisible = 0;
			defaultConfigurationName = Release;
		};
		848DB4F62B97CE4A005F6B6D /* Build configuration list for PBXNativeTarget "ProfileViewTests" */ = {
			isa = XCConfigurationList;
			buildConfigurations = (
				848DB4F72B97CE4A005F6B6D /* Debug */,
				848DB4F82B97CE4A005F6B6D /* Release */,
			);
			defaultConfigurationIsVisible = 0;
			defaultConfigurationName = Release;
		};
		848DB5182B990C10005F6B6D /* Build configuration list for PBXNativeTarget "ImageFeedUITests" */ = {
			isa = XCConfigurationList;
			buildConfigurations = (
				848DB5192B990C10005F6B6D /* Debug */,
				848DB51A2B990C10005F6B6D /* Release */,
			);
			defaultConfigurationIsVisible = 0;
			defaultConfigurationName = Release;
		};
		84CB383B2B1ECDD500BE29E3 /* Build configuration list for PBXProject "ImageFeed" */ = {
			isa = XCConfigurationList;
			buildConfigurations = (
				84CB38522B1ECDD600BE29E3 /* Debug */,
				84CB38532B1ECDD600BE29E3 /* Release */,
			);
			defaultConfigurationIsVisible = 0;
			defaultConfigurationName = Release;
		};
		84CB38542B1ECDD600BE29E3 /* Build configuration list for PBXNativeTarget "ImageFeed" */ = {
			isa = XCConfigurationList;
			buildConfigurations = (
				84CB38552B1ECDD600BE29E3 /* Debug */,
				84CB38562B1ECDD600BE29E3 /* Release */,
			);
			defaultConfigurationIsVisible = 0;
			defaultConfigurationName = Release;
		};
/* End XCConfigurationList section */

/* Begin XCRemoteSwiftPackageReference section */
		849456052B646D95004033BD /* XCRemoteSwiftPackageReference "ProgressHUD" */ = {
			isa = XCRemoteSwiftPackageReference;
			repositoryURL = "https://github.com/relatedcode/ProgressHUD";
			requirement = {
				kind = exactVersion;
				version = 13.8.6;
			};
		};
		849456122B6B5263004033BD /* XCRemoteSwiftPackageReference "Kingfisher" */ = {
			isa = XCRemoteSwiftPackageReference;
			repositoryURL = "https://github.com/onevcat/Kingfisher";
			requirement = {
				kind = upToNextMajorVersion;
				minimumVersion = 7.0.0;
			};
		};
		849456152B6B5CD8004033BD /* XCRemoteSwiftPackageReference "SwiftKeychainWrapper" */ = {
			isa = XCRemoteSwiftPackageReference;
			repositoryURL = "https://github.com/jrendel/SwiftKeychainWrapper";
			requirement = {
				kind = upToNextMajorVersion;
				minimumVersion = 4.0.0;
			};
		};
/* End XCRemoteSwiftPackageReference section */

/* Begin XCSwiftPackageProductDependency section */
		849456062B646D95004033BD /* ProgressHUD */ = {
			isa = XCSwiftPackageProductDependency;
			package = 849456052B646D95004033BD /* XCRemoteSwiftPackageReference "ProgressHUD" */;
			productName = ProgressHUD;
		};
		849456132B6B5263004033BD /* Kingfisher */ = {
			isa = XCSwiftPackageProductDependency;
			package = 849456122B6B5263004033BD /* XCRemoteSwiftPackageReference "Kingfisher" */;
			productName = Kingfisher;
		};
		849456162B6B5CD8004033BD /* SwiftKeychainWrapper */ = {
			isa = XCSwiftPackageProductDependency;
			package = 849456152B6B5CD8004033BD /* XCRemoteSwiftPackageReference "SwiftKeychainWrapper" */;
			productName = SwiftKeychainWrapper;
		};
/* End XCSwiftPackageProductDependency section */
	};
	rootObject = 84CB38382B1ECDD500BE29E3 /* Project object */;
}
